
Microsoft Visual Studio Solution File, Format Version 12.00
# Visual Studio Version 16
VisualStudioVersion = 16.0.30907.101
MinimumVisualStudioVersion = 10.0.40219.1
Project("{FAE04EC0-301F-11D3-BF4B-00C04F79EFBC}") = "MC City Maker", "MC City Maker\MC City Maker.csproj", "{A0830A22-D464-4815-96B8-5B23AD819EC0}"
EndProject
Global
	GlobalSection(SolutionConfigurationPlatforms) = preSolution
		Debug|Any CPU = Debug|Any CPU
		Release|Any CPU = Release|Any CPU
	EndGlobalSection
	GlobalSection(ProjectConfigurationPlatforms) = postSolution
		{A0830A22-D464-4815-96B8-5B23AD819EC0}.Debug|Any CPU.ActiveCfg = Debug|Any CPU
		{A0830A22-D464-4815-96B8-5B23AD819EC0}.Debug|Any CPU.Build.0 = Debug|Any CPU
		{A0830A22-D464-4815-96B8-5B23AD819EC0}.Release|Any CPU.ActiveCfg = Release|Any CPU
		{A0830A22-D464-4815-96B8-5B23AD819EC0}.Release|Any CPU.Build.0 = Release|Any CPU
	EndGlobalSection
	GlobalSection(SolutionProperties) = preSolution
		HideSolutionNode = FALSE
	EndGlobalSection
	GlobalSection(ExtensibilityGlobals) = postSolution
		SolutionGuid = {1B048C78-13BE-4E30-B247-5653D74F6078}
	EndGlobalSection
EndGlobal
